
Microsoft Visual Studio Solution File, Format Version 12.00
# Visual Studio Version 17
VisualStudioVersion = 17.9.34622.214
MinimumVisualStudioVersion = 10.0.40219.1
Project("{FAE04EC0-301F-11D3-BF4B-00C04F79EFBC}") = "BackEnd", "BackEnd.csproj", "{D4E60EA8-B34D-4B56-BBAA-373BAF691701}"
EndProject
Global
	GlobalSection(SolutionConfigurationPlatforms) = preSolution
		Debug|Any CPU = Debug|Any CPU
		Release|Any CPU = Release|Any CPU
	EndGlobalSection
	GlobalSection(ProjectConfigurationPlatforms) = postSolution
		{D4E60EA8-B34D-4B56-BBAA-373BAF691701}.Debug|Any CPU.ActiveCfg = Debug|Any CPU
		{D4E60EA8-B34D-4B56-BBAA-373BAF691701}.Debug|Any CPU.Build.0 = Debug|Any CPU
		{D4E60EA8-B34D-4B56-BBAA-373BAF691701}.Release|Any CPU.ActiveCfg = Release|Any CPU
		{D4E60EA8-B34D-4B56-BBAA-373BAF691701}.Release|Any CPU.Build.0 = Release|Any CPU
	EndGlobalSection
	GlobalSection(SolutionProperties) = preSolution
		HideSolutionNode = FALSE
	EndGlobalSection
	GlobalSection(ExtensibilityGlobals) = postSolution
		SolutionGuid = {16CD8095-757B-4948-9BA7-C65AF6A63210}
	EndGlobalSection
EndGlobal
